
Microsoft Visual Studio Solution File, Format Version 12.00
# Visual Studio 15
VisualStudioVersion = 15.0.28307.1022
MinimumVisualStudioVersion = 10.0.40219.1
Project("{FAE04EC0-301F-11D3-BF4B-00C04F79EFBC}") = "Epidemio", "Epidemio\Epidemio.csproj", "{8DA1900F-A2C4-49D0-83C5-3EBA162045E9}"
EndProject
Global
	GlobalSection(SolutionConfigurationPlatforms) = preSolution
		Debug|Any CPU = Debug|Any CPU
		Release|Any CPU = Release|Any CPU
	EndGlobalSection
	GlobalSection(ProjectConfigurationPlatforms) = postSolution
		{8DA1900F-A2C4-49D0-83C5-3EBA162045E9}.Debug|Any CPU.ActiveCfg = Debug|Any CPU
		{8DA1900F-A2C4-49D0-83C5-3EBA162045E9}.Debug|Any CPU.Build.0 = Debug|Any CPU
		{8DA1900F-A2C4-49D0-83C5-3EBA162045E9}.Release|Any CPU.ActiveCfg = Release|Any CPU
		{8DA1900F-A2C4-49D0-83C5-3EBA162045E9}.Release|Any CPU.Build.0 = Release|Any CPU
	EndGlobalSection
	GlobalSection(SolutionProperties) = preSolution
		HideSolutionNode = FALSE
	EndGlobalSection
	GlobalSection(ExtensibilityGlobals) = postSolution
		SolutionGuid = {A7D558FC-3C4E-4F05-911F-6FD3301D8D86}
	EndGlobalSection
EndGlobal
